
Microsoft Visual Studio Solution File, Format Version 11.00
# Visual Studio 2010
Project("{F184B08F-C81C-45F6-A57F-5ABD9991F28F}") = "TibiasockNET Example", "Tibiasock.NET Example\TibiasockNET Example.vbproj", "{58242BD3-E031-4B8B-9ADA-2552455D0252}"
EndProject
Project("{F184B08F-C81C-45F6-A57F-5ABD9991F28F}") = "TibiasockNET", "Tibiasock.NET\TibiasockNET.vbproj", "{B9B6D63F-1925-4A6A-A3C6-6251FB8A6A60}"
EndProject
Global
	GlobalSection(SolutionConfigurationPlatforms) = preSolution
		Debug|Any CPU = Debug|Any CPU
		Debug|Mixed Platforms = Debug|Mixed Platforms
		Debug|x86 = Debug|x86
		Release|Any CPU = Release|Any CPU
		Release|Mixed Platforms = Release|Mixed Platforms
		Release|x86 = Release|x86
	EndGlobalSection
	GlobalSection(ProjectConfigurationPlatforms) = postSolution
		{58242BD3-E031-4B8B-9ADA-2552455D0252}.Debug|Any CPU.ActiveCfg = Debug|x86
		{58242BD3-E031-4B8B-9ADA-2552455D0252}.Debug|Mixed Platforms.ActiveCfg = Debug|x86
		{58242BD3-E031-4B8B-9ADA-2552455D0252}.Debug|Mixed Platforms.Build.0 = Debug|x86
		{58242BD3-E031-4B8B-9ADA-2552455D0252}.Debug|x86.ActiveCfg = Debug|x86
		{58242BD3-E031-4B8B-9ADA-2552455D0252}.Debug|x86.Build.0 = Debug|x86
		{58242BD3-E031-4B8B-9ADA-2552455D0252}.Release|Any CPU.ActiveCfg = Release|x86
		{58242BD3-E031-4B8B-9ADA-2552455D0252}.Release|Mixed Platforms.ActiveCfg = Release|x86
		{58242BD3-E031-4B8B-9ADA-2552455D0252}.Release|Mixed Platforms.Build.0 = Release|x86
		{58242BD3-E031-4B8B-9ADA-2552455D0252}.Release|x86.ActiveCfg = Release|x86
		{58242BD3-E031-4B8B-9ADA-2552455D0252}.Release|x86.Build.0 = Release|x86
		{B9B6D63F-1925-4A6A-A3C6-6251FB8A6A60}.Debug|Any CPU.ActiveCfg = Debug|Any CPU
		{B9B6D63F-1925-4A6A-A3C6-6251FB8A6A60}.Debug|Any CPU.Build.0 = Debug|Any CPU
		{B9B6D63F-1925-4A6A-A3C6-6251FB8A6A60}.Debug|Mixed Platforms.ActiveCfg = Debug|Any CPU
		{B9B6D63F-1925-4A6A-A3C6-6251FB8A6A60}.Debug|Mixed Platforms.Build.0 = Debug|Any CPU
		{B9B6D63F-1925-4A6A-A3C6-6251FB8A6A60}.Debug|x86.ActiveCfg = Debug|Any CPU
		{B9B6D63F-1925-4A6A-A3C6-6251FB8A6A60}.Release|Any CPU.ActiveCfg = Release|Any CPU
		{B9B6D63F-1925-4A6A-A3C6-6251FB8A6A60}.Release|Any CPU.Build.0 = Release|Any CPU
		{B9B6D63F-1925-4A6A-A3C6-6251FB8A6A60}.Release|Mixed Platforms.ActiveCfg = Release|Any CPU
		{B9B6D63F-1925-4A6A-A3C6-6251FB8A6A60}.Release|Mixed Platforms.Build.0 = Release|Any CPU
		{B9B6D63F-1925-4A6A-A3C6-6251FB8A6A60}.Release|x86.ActiveCfg = Release|Any CPU
	EndGlobalSection
	GlobalSection(SolutionProperties) = preSolution
		HideSolutionNode = FALSE
	EndGlobalSection
EndGlobal
